
Microsoft Visual Studio Solution File, Format Version 12.00
# Visual Studio Version 17
VisualStudioVersion = 17.9.34607.119
MinimumVisualStudioVersion = 10.0.40219.1
Project("{FAE04EC0-301F-11D3-BF4B-00C04F79EFBC}") = "StateMachine_snakeGame", "StateMachine_snakeGame\StateMachine_snakeGame.csproj", "{81552DFD-F4C6-4110-9BCD-1C5F2C7753A4}"
EndProject
Global
	GlobalSection(SolutionConfigurationPlatforms) = preSolution
		Debug|Any CPU = Debug|Any CPU
		Release|Any CPU = Release|Any CPU
	EndGlobalSection
	GlobalSection(ProjectConfigurationPlatforms) = postSolution
		{81552DFD-F4C6-4110-9BCD-1C5F2C7753A4}.Debug|Any CPU.ActiveCfg = Debug|Any CPU
		{81552DFD-F4C6-4110-9BCD-1C5F2C7753A4}.Debug|Any CPU.Build.0 = Debug|Any CPU
		{81552DFD-F4C6-4110-9BCD-1C5F2C7753A4}.Release|Any CPU.ActiveCfg = Release|Any CPU
		{81552DFD-F4C6-4110-9BCD-1C5F2C7753A4}.Release|Any CPU.Build.0 = Release|Any CPU
	EndGlobalSection
	GlobalSection(SolutionProperties) = preSolution
		HideSolutionNode = FALSE
	EndGlobalSection
	GlobalSection(ExtensibilityGlobals) = postSolution
		SolutionGuid = {3C7DC889-39E1-483B-AFB2-B7AECA38D4C3}
	EndGlobalSection
EndGlobal
